{
  "nodes": {
    "fleek": {
      "inputs": {
        "nixpkgs": "nixpkgs"
      },
      "locked": {
        "lastModified": 1693610874,
        "narHash": "sha256-HRe6uoVX/4Ybuxb94vGaXfMGpnRh/dIoz2MyJvs1vBU=",
        "owner": "ublue-os",
        "repo": "fleek",
        "rev": "890f9dd123876a53d8db12b5370f9aa4824ca79f",
        "type": "github"
      },
      "original": {
        "owner": "ublue-os",
        "repo": "fleek",
        "type": "github"
      }
    },
    "home-manager": {
      "inputs": {
        "nixpkgs": [
          "nixpkgs"
        ]
      },
      "locked": {
        "lastModified": 1694134858,
        "narHash": "sha256-fG/ESauOGmiojKlpJG8gB62dJa5Wd+ZIuiDMKK/HD3g=",
        "owner": "nix-community",
        "repo": "home-manager",
        "rev": "19c6a4081b14443420358262f8416149bd79561a",
        "type": "github"
      },
      "original": {
        "owner": "nix-community",
        "repo": "home-manager",
        "type": "github"
      }
    },
    "nixpkgs": {
      "locked": {
        "lastModified": 1681154110,
        "narHash": "sha256-OQwWzlzAY1dCqgSsgZzsPIOGmX4pBGaoXOy0rSl4b5Y=",
        "owner": "NixOS",
        "repo": "nixpkgs",
        "rev": "115a96e2ac1e92937cd47c30e073e16dcaaf6247",
        "type": "github"
      },
      "original": {
        "owner": "NixOS",
        "ref": "release-22.11",
        "repo": "nixpkgs",
        "type": "github"
      }
    },
    "nixpkgs_2": {
      "locked": {
        "lastModified": 1693985761,
        "narHash": "sha256-K5b+7j7Tt3+AqbWkcw+wMeqOAWyCD1MH26FPZyWXpdo=",
        "owner": "nixos",
        "repo": "nixpkgs",
        "rev": "0bffda19b8af722f8069d09d8b6a24594c80b352",
        "type": "github"
      },
      "original": {
        "owner": "nixos",
        "ref": "nixos-unstable",
        "repo": "nixpkgs",
        "type": "github"
      }
    },
    "root": {
      "inputs": {
        "fleek": "fleek",
        "home-manager": "home-manager",
        "nixpkgs": "nixpkgs_2"
      }
    }
  },
  "root": "root",
  "version": 7
}
